<?xml version="1.0" encoding="utf-8"?>
<Project ToolsVersion="4.0" xmlns="http://schemas.microsoft.com/developer/msbuild/2003">
  <ItemGroup>
    <Filter Include="Source Files">
      <UniqueIdentifier>{4FC737F1-C7A5-4376-A066-2A32D752A2FF}</UniqueIdentifier>
      <Extensions>cpp;c;cc;cxx;def;odl;idl;hpj;bat;asm;asmx</Extensions>
    </Filter>
    <Filter Include="Header Files">
      <UniqueIdentifier>{93995380-89BD-4b04-88EB-625FBE52EBFB}</UniqueIdentifier>
      <Extensions>h;hpp;hxx;hm;inl;inc;xsd</Extensions>
    </Filter>
    <Filter Include="Resource Files">
      <UniqueIdentifier>{67DA6AB6-F800-4c08-8B7A-83BB121AAD01}</UniqueIdentifier>
      <Extensions>rc;ico;cur;bmp;dlg;rc2;rct;bin;rgs;gif;jpg;jpeg;jpe;resx;tiff;tif;png;wav</Extensions>
    </Filter>
  </ItemGroup>
  <ItemGroup>
    <ClCompile Include="ColladaModel.cpp">
      <Filter>Source Files</Filter>
    </ClCompile>
    <ClCompile Include="MD2Model.cpp">
      <Filter>Source Files</Filter>
    </ClCompile>
    <ClCompile Include="NMS_3DObject.cpp">
      <Filter>Source Files</Filter>
    </ClCompile>
    <ClCompile Include="NMS_AssetManager.cpp">
      <Filter>Source Files</Filter>
    </ClCompile>
    <ClCompile Include="NMS_Camera.cpp">
      <Filter>Source Files</Filter>
    </ClCompile>
    <ClCompile Include="NMS_Engine.cpp">
      <Filter>Source Files</Filter>
    </ClCompile>
    <ClCompile Include="NMS_Framework.cpp">
      <Filter>Source Files</Filter>
    </ClCompile>
    <ClCompile Include="NMS_LightSystem.cpp">
      <Filter>Source Files</Filter>
    </ClCompile>
    <ClCompile Include="NMS_Mutex.cpp">
      <Filter>Source Files</Filter>
    </ClCompile>
    <ClCompile Include="NMS_SceneGraph.cpp">
      <Filter>Source Files</Filter>
    </ClCompile>
    <ClCompile Include="NMS_SceneRenderer.cpp">
      <Filter>Source Files</Filter>
    </ClCompile>
    <ClCompile Include="NMS_TextureManager.cpp">
      <Filter>Source Files</Filter>
    </ClCompile>
    <ClCompile Include="NMS_Thread.cpp">
      <Filter>Source Files</Filter>
    </ClCompile>
    <ClCompile Include="NMS_EventManager.cpp">
      <Filter>Source Files</Filter>
    </ClCompile>
    <ClCompile Include="NMS_Skeleton.cpp">
      <Filter>Source Files</Filter>
    </ClCompile>
  </ItemGroup>
  <ItemGroup>
    <ClInclude Include="ColladaModel.h">
      <Filter>Header Files</Filter>
    </ClInclude>
    <ClInclude Include="MD2Model.h">
      <Filter>Header Files</Filter>
    </ClInclude>
    <ClInclude Include="NMS_3DObject.h">
      <Filter>Header Files</Filter>
    </ClInclude>
    <ClInclude Include="NMS_anorms.h">
      <Filter>Header Files</Filter>
    </ClInclude>
    <ClInclude Include="NMS_AssetManager.h">
      <Filter>Header Files</Filter>
    </ClInclude>
    <ClInclude Include="NMS_Camera.h">
      <Filter>Header Files</Filter>
    </ClInclude>
    <ClInclude Include="NMS_Engine.h">
      <Filter>Header Files</Filter>
    </ClInclude>
    <ClInclude Include="NMS_Framework.h">
      <Filter>Header Files</Filter>
    </ClInclude>
    <ClInclude Include="NMS_LightSystem.h">
      <Filter>Header Files</Filter>
    </ClInclude>
    <ClInclude Include="NMS_Mesh.h">
      <Filter>Header Files</Filter>
    </ClInclude>
    <ClInclude Include="NMS_Mutex.h">
      <Filter>Header Files</Filter>
    </ClInclude>
    <ClInclude Include="NMS_SceneGraph.h">
      <Filter>Header Files</Filter>
    </ClInclude>
    <ClInclude Include="NMS_SceneRenderer.h">
      <Filter>Header Files</Filter>
    </ClInclude>
    <ClInclude Include="NMS_TextureManager.h">
      <Filter>Header Files</Filter>
    </ClInclude>
    <ClInclude Include="NMS_Thread.h">
      <Filter>Header Files</Filter>
    </ClInclude>
    <ClInclude Include="..\nms_utilities\NMS_DebugDraw.h">
      <Filter>Header Files</Filter>
    </ClInclude>
    <ClInclude Include="NMS_Skeleton.h">
      <Filter>Header Files</Filter>
    </ClInclude>
  </ItemGroup>
</Project>