
Microsoft Visual Studio Solution File, Format Version 10.00
# Visual Studio 2008
Project("{8BC9CEB8-8B4A-11D0-8D11-00A0C91BC942}") = "nms_math", "nms_math\nms_math.vcproj", "{7039BE8A-1325-46E1-A8AE-0519442B43ED}"
EndProject
Global
	GlobalSection(SolutionConfigurationPlatforms) = preSolution
		Debug|Win32 = Debug|Win32
		Release|Win32 = Release|Win32
	EndGlobalSection
	GlobalSection(ProjectConfigurationPlatforms) = postSolution
		{7039BE8A-1325-46E1-A8AE-0519442B43ED}.Debug|Win32.ActiveCfg = Debug|Win32
		{7039BE8A-1325-46E1-A8AE-0519442B43ED}.Debug|Win32.Build.0 = Debug|Win32
		{7039BE8A-1325-46E1-A8AE-0519442B43ED}.Release|Win32.ActiveCfg = Release|Win32
		{7039BE8A-1325-46E1-A8AE-0519442B43ED}.Release|Win32.Build.0 = Release|Win32
	EndGlobalSection
	GlobalSection(SolutionProperties) = preSolution
		HideSolutionNode = FALSE
	EndGlobalSection
EndGlobal
