
Microsoft Visual Studio Solution File, Format Version 10.00
# Visual Studio 2008
Project("{8BC9CEB8-8B4A-11D0-8D11-00A0C91BC942}") = "Engine", "Engine\Engine.vcproj", "{57EC3C3B-04C9-408C-81CE-50473BC5DBD1}"
EndProject
Project("{8BC9CEB8-8B4A-11D0-8D11-00A0C91BC942}") = "Main", "Main\Main.vcproj", "{911EC9BA-7AFE-47B4-AA75-8AA6E662E7B4}"
EndProject
Global
	GlobalSection(SolutionConfigurationPlatforms) = preSolution
		Debug|Win32 = Debug|Win32
		Release|Win32 = Release|Win32
	EndGlobalSection
	GlobalSection(ProjectConfigurationPlatforms) = postSolution
		{57EC3C3B-04C9-408C-81CE-50473BC5DBD1}.Debug|Win32.ActiveCfg = Debug|Win32
		{57EC3C3B-04C9-408C-81CE-50473BC5DBD1}.Debug|Win32.Build.0 = Debug|Win32
		{57EC3C3B-04C9-408C-81CE-50473BC5DBD1}.Release|Win32.ActiveCfg = Release|Win32
		{57EC3C3B-04C9-408C-81CE-50473BC5DBD1}.Release|Win32.Build.0 = Release|Win32
		{911EC9BA-7AFE-47B4-AA75-8AA6E662E7B4}.Debug|Win32.ActiveCfg = Debug|Win32
		{911EC9BA-7AFE-47B4-AA75-8AA6E662E7B4}.Debug|Win32.Build.0 = Debug|Win32
		{911EC9BA-7AFE-47B4-AA75-8AA6E662E7B4}.Release|Win32.ActiveCfg = Release|Win32
		{911EC9BA-7AFE-47B4-AA75-8AA6E662E7B4}.Release|Win32.Build.0 = Release|Win32
	EndGlobalSection
	GlobalSection(SolutionProperties) = preSolution
		HideSolutionNode = FALSE
	EndGlobalSection
EndGlobal
